
Microsoft Visual Studio Solution File, Format Version 12.00
# Visual Studio Version 17
VisualStudioVersion = 17.4.33122.133
MinimumVisualStudioVersion = 10.0.40219.1
Project("{FAE04EC0-301F-11D3-BF4B-00C04F79EFBC}") = "Tester.Domain", "Tester.Domain.csproj", "{2EC6958C-42BC-4704-875B-A7124D7A027D}"
EndProject
Project("{FAE04EC0-301F-11D3-BF4B-00C04F79EFBC}") = "Tester.Application", "..\Tester.Application\Tester.Application.csproj", "{35859936-9CB8-4BBF-AA74-6F66C2725D38}"
EndProject
Project("{FAE04EC0-301F-11D3-BF4B-00C04F79EFBC}") = "Tester.API", "..\Tester.API\Tester.API.csproj", "{63BF41A9-2EA2-4E63-A5A8-F3E6B3F7B4F3}"
EndProject
Project("{FAE04EC0-301F-11D3-BF4B-00C04F79EFBC}") = "Tester.Core", "..\Tester.Core\Tester.Core.csproj", "{0D66D328-B2BE-4079-9482-DE2B77A4224E}"
EndProject
Project("{FAE04EC0-301F-11D3-BF4B-00C04F79EFBC}") = "Tester.Data", "..\Tester.Data\Tester.Data.csproj", "{0CEFF375-4603-4D15-8DEF-D9B13C5CCDD5}"
EndProject
Global
	GlobalSection(SolutionConfigurationPlatforms) = preSolution
		Debug|Any CPU = Debug|Any CPU
		Release|Any CPU = Release|Any CPU
	EndGlobalSection
	GlobalSection(ProjectConfigurationPlatforms) = postSolution
		{2EC6958C-42BC-4704-875B-A7124D7A027D}.Debug|Any CPU.ActiveCfg = Debug|Any CPU
		{2EC6958C-42BC-4704-875B-A7124D7A027D}.Debug|Any CPU.Build.0 = Debug|Any CPU
		{2EC6958C-42BC-4704-875B-A7124D7A027D}.Release|Any CPU.ActiveCfg = Release|Any CPU
		{2EC6958C-42BC-4704-875B-A7124D7A027D}.Release|Any CPU.Build.0 = Release|Any CPU
		{35859936-9CB8-4BBF-AA74-6F66C2725D38}.Debug|Any CPU.ActiveCfg = Debug|Any CPU
		{35859936-9CB8-4BBF-AA74-6F66C2725D38}.Debug|Any CPU.Build.0 = Debug|Any CPU
		{35859936-9CB8-4BBF-AA74-6F66C2725D38}.Release|Any CPU.ActiveCfg = Release|Any CPU
		{35859936-9CB8-4BBF-AA74-6F66C2725D38}.Release|Any CPU.Build.0 = Release|Any CPU
		{63BF41A9-2EA2-4E63-A5A8-F3E6B3F7B4F3}.Debug|Any CPU.ActiveCfg = Debug|Any CPU
		{63BF41A9-2EA2-4E63-A5A8-F3E6B3F7B4F3}.Debug|Any CPU.Build.0 = Debug|Any CPU
		{63BF41A9-2EA2-4E63-A5A8-F3E6B3F7B4F3}.Release|Any CPU.ActiveCfg = Release|Any CPU
		{63BF41A9-2EA2-4E63-A5A8-F3E6B3F7B4F3}.Release|Any CPU.Build.0 = Release|Any CPU
		{0D66D328-B2BE-4079-9482-DE2B77A4224E}.Debug|Any CPU.ActiveCfg = Debug|Any CPU
		{0D66D328-B2BE-4079-9482-DE2B77A4224E}.Debug|Any CPU.Build.0 = Debug|Any CPU
		{0D66D328-B2BE-4079-9482-DE2B77A4224E}.Release|Any CPU.ActiveCfg = Release|Any CPU
		{0D66D328-B2BE-4079-9482-DE2B77A4224E}.Release|Any CPU.Build.0 = Release|Any CPU
		{0CEFF375-4603-4D15-8DEF-D9B13C5CCDD5}.Debug|Any CPU.ActiveCfg = Debug|Any CPU
		{0CEFF375-4603-4D15-8DEF-D9B13C5CCDD5}.Debug|Any CPU.Build.0 = Debug|Any CPU
		{0CEFF375-4603-4D15-8DEF-D9B13C5CCDD5}.Release|Any CPU.ActiveCfg = Release|Any CPU
		{0CEFF375-4603-4D15-8DEF-D9B13C5CCDD5}.Release|Any CPU.Build.0 = Release|Any CPU
	EndGlobalSection
	GlobalSection(SolutionProperties) = preSolution
		HideSolutionNode = FALSE
	EndGlobalSection
	GlobalSection(ExtensibilityGlobals) = postSolution
		SolutionGuid = {B96C8298-DD80-42D1-93D7-954AC92AC5CD}
	EndGlobalSection
EndGlobal
